{
  "nodes": {
    "nixpkgs": {
      "locked": {
        "lastModified": 1748190013,
        "narHash": "sha256-R5HJFflOfsP5FBtk+zE8FpL8uqE7n62jqOsADvVshhE=",
        "owner": "nixos",
        "repo": "nixpkgs",
        "rev": "62b852f6c6742134ade1abdd2a21685fd617a291",
        "type": "github"
      },
      "original": {
        "owner": "nixos",
        "ref": "nixos-unstable",
        "repo": "nixpkgs",
        "type": "github"
      }
    },
    "pyproject-build-systems": {
      "inputs": {
        "nixpkgs": [
          "nixpkgs"
        ],
        "pyproject-nix": [
          "pyproject-nix"
        ],
        "uv2nix": [
          "uv2nix"
        ]
      },
      "locked": {
        "lastModified": 1740362541,
        "narHash": "sha256-S8Mno07MspggOv/xIz5g8hB2b/C5HPiX8E+rXzKY+5U=",
        "owner": "pyproject-nix",
        "repo": "build-system-pkgs",
        "rev": "e151741c848ba92331af91f4e47640a1fb82be19",
        "type": "github"
      },
      "original": {
        "owner": "pyproject-nix",
        "repo": "build-system-pkgs",
        "type": "github"
      }
    },
    "pyproject-nix": {
      "inputs": {
        "nixpkgs": [
          "nixpkgs"
        ]
      },
      "locked": {
        "lastModified": 1739758351,
        "narHash": "sha256-Aoa4dEoC7Hf6+gFVk/SDquZTMFlmlfsgdTWuqQxzePs=",
        "owner": "pyproject-nix",
        "repo": "pyproject.nix",
        "rev": "1329712f7f9af3a8b270764ba338a455b7323811",
        "type": "github"
      },
      "original": {
        "owner": "pyproject-nix",
        "repo": "pyproject.nix",
        "type": "github"
      }
    },
    "root": {
      "inputs": {
        "nixpkgs": "nixpkgs",
        "pyproject-build-systems": "pyproject-build-systems",
        "pyproject-nix": "pyproject-nix",
        "uv2nix": "uv2nix"
      }
    },
    "uv2nix": {
      "inputs": {
        "nixpkgs": [
          "nixpkgs"
        ],
        "pyproject-nix": [
          "pyproject-nix"
        ]
      },
      "locked": {
        "lastModified": 1747441483,
        "narHash": "sha256-W8BFXk5R0TuJcjIhcGoMpSOaIufGXpizK0pm+uTqynA=",
        "owner": "pyproject-nix",
        "repo": "uv2nix",
        "rev": "582024dc64663e9f88d467c2f7f7b20d278349de",
        "type": "github"
      },
      "original": {
        "owner": "pyproject-nix",
        "repo": "uv2nix",
        "type": "github"
      }
    }
  },
  "root": "root",
  "version": 7
}
